
Microsoft Visual Studio Solution File, Format Version 12.00
# Visual Studio Version 17
VisualStudioVersion = 17.0.31903.59
MinimumVisualStudioVersion = 10.0.40219.1
Project("{2150E333-8FDC-42A3-9474-1A3956D46DE8}") = "src", "src", "{A0C2A7F9-F861-4932-9A7B-34EF17E597AF}"
EndProject
Project("{FAE04EC0-301F-11D3-BF4B-00C04F79EFBC}") = "QualityCheckDemo", "src\QualityCheckDemo\QualityCheckDemo.csproj", "{0E27618E-8247-4E25-8EE0-BDBECE6D23FC}"
EndProject
Project("{2150E333-8FDC-42A3-9474-1A3956D46DE8}") = "tests", "tests", "{D0CEDD6A-D97E-4A19-983F-1A4A4828D62D}"
EndProject
Project("{FAE04EC0-301F-11D3-BF4B-00C04F79EFBC}") = "QualityCheckDemo.Tests", "tests\QualityCheckDemo.Tests\QualityCheckDemo.Tests.csproj", "{90ECDFBC-8BC0-46F2-B4CA-C3A91D3310E5}"
EndProject
Global
	GlobalSection(SolutionConfigurationPlatforms) = preSolution
		Debug|Any CPU = Debug|Any CPU
		Release|Any CPU = Release|Any CPU
	EndGlobalSection
	GlobalSection(SolutionProperties) = preSolution
		HideSolutionNode = FALSE
	EndGlobalSection
	GlobalSection(ProjectConfigurationPlatforms) = postSolution
		{0E27618E-8247-4E25-8EE0-BDBECE6D23FC}.Debug|Any CPU.ActiveCfg = Debug|Any CPU
		{0E27618E-8247-4E25-8EE0-BDBECE6D23FC}.Debug|Any CPU.Build.0 = Debug|Any CPU
		{0E27618E-8247-4E25-8EE0-BDBECE6D23FC}.Release|Any CPU.ActiveCfg = Release|Any CPU
		{0E27618E-8247-4E25-8EE0-BDBECE6D23FC}.Release|Any CPU.Build.0 = Release|Any CPU
		{90ECDFBC-8BC0-46F2-B4CA-C3A91D3310E5}.Debug|Any CPU.ActiveCfg = Debug|Any CPU
		{90ECDFBC-8BC0-46F2-B4CA-C3A91D3310E5}.Debug|Any CPU.Build.0 = Debug|Any CPU
		{90ECDFBC-8BC0-46F2-B4CA-C3A91D3310E5}.Release|Any CPU.ActiveCfg = Release|Any CPU
		{90ECDFBC-8BC0-46F2-B4CA-C3A91D3310E5}.Release|Any CPU.Build.0 = Release|Any CPU
	EndGlobalSection
	GlobalSection(NestedProjects) = preSolution
		{0E27618E-8247-4E25-8EE0-BDBECE6D23FC} = {A0C2A7F9-F861-4932-9A7B-34EF17E597AF}
		{90ECDFBC-8BC0-46F2-B4CA-C3A91D3310E5} = {D0CEDD6A-D97E-4A19-983F-1A4A4828D62D}
	EndGlobalSection
EndGlobal
